
Microsoft Visual Studio Solution File, Format Version 12.00
# Visual Studio Version 17
VisualStudioVersion = 17.12.35527.113
MinimumVisualStudioVersion = 10.0.40219.1
Project("{2150E333-8FDC-42A3-9474-1A3956D46DE8}") = "Services", "Services", "{79D7C865-223A-4821-8DA2-2D8B604C8B1B}"
EndProject
Project("{2150E333-8FDC-42A3-9474-1A3956D46DE8}") = "Catalog", "Catalog", "{C8A67812-9771-442B-8B3A-FD575B95FD8B}"
EndProject
Project("{FAE04EC0-301F-11D3-BF4B-00C04F79EFBC}") = "AvvenenteShop.Catalog", "Services\Catalog\AvvenenteShop.Catalog\AvvenenteShop.Catalog.csproj", "{65E66673-0011-4593-83C6-45853ABA797A}"
EndProject
Global
	GlobalSection(SolutionConfigurationPlatforms) = preSolution
		Debug|Any CPU = Debug|Any CPU
		Release|Any CPU = Release|Any CPU
	EndGlobalSection
	GlobalSection(ProjectConfigurationPlatforms) = postSolution
		{65E66673-0011-4593-83C6-45853ABA797A}.Debug|Any CPU.ActiveCfg = Debug|Any CPU
		{65E66673-0011-4593-83C6-45853ABA797A}.Debug|Any CPU.Build.0 = Debug|Any CPU
		{65E66673-0011-4593-83C6-45853ABA797A}.Release|Any CPU.ActiveCfg = Release|Any CPU
		{65E66673-0011-4593-83C6-45853ABA797A}.Release|Any CPU.Build.0 = Release|Any CPU
	EndGlobalSection
	GlobalSection(SolutionProperties) = preSolution
		HideSolutionNode = FALSE
	EndGlobalSection
	GlobalSection(NestedProjects) = preSolution
		{C8A67812-9771-442B-8B3A-FD575B95FD8B} = {79D7C865-223A-4821-8DA2-2D8B604C8B1B}
		{65E66673-0011-4593-83C6-45853ABA797A} = {C8A67812-9771-442B-8B3A-FD575B95FD8B}
	EndGlobalSection
EndGlobal
